// !$*UTF8*$!
{
	archiveVersion = 1;
	classes = {
	};
	objectVersion = 50;
	objects = {

/* Begin PBXBuildFile section */
		2CE087F3239AB486004C5C7E /* CDAMovie.m in Sources */ = {isa = PBXBuildFile; fileRef = 2CE087F2239AB486004C5C7E /* CDAMovie.m */; };
		2CE087F6239ABAE1004C5C7E /* CDAMovieController.m in Sources */ = {isa = PBXBuildFile; fileRef = 2CE087F5239ABAE1004C5C7E /* CDAMovieController.m */; };
		2CE087F9239AC286004C5C7E /* MovieListTableViewController.swift in Sources */ = {isa = PBXBuildFile; fileRef = 2CE087F8239AC286004C5C7E /* MovieListTableViewController.swift */; };
		2CE087FB239AC3AC004C5C7E /* MovieCellTableViewCell.swift in Sources */ = {isa = PBXBuildFile; fileRef = 2CE087FA239AC3AC004C5C7E /* MovieCellTableViewCell.swift */; };
		2CE117B1239AB3B0003D2212 /* AppDelegate.m in Sources */ = {isa = PBXBuildFile; fileRef = 2CE117B0239AB3B0003D2212 /* AppDelegate.m */; };
		2CE117B4239AB3B0003D2212 /* SceneDelegate.m in Sources */ = {isa = PBXBuildFile; fileRef = 2CE117B3239AB3B0003D2212 /* SceneDelegate.m */; };
		2CE117BA239AB3B0003D2212 /* Main.storyboard in Resources */ = {isa = PBXBuildFile; fileRef = 2CE117B8239AB3B0003D2212 /* Main.storyboard */; };
		2CE117BC239AB3B1003D2212 /* Assets.xcassets in Resources */ = {isa = PBXBuildFile; fileRef = 2CE117BB239AB3B1003D2212 /* Assets.xcassets */; };
		2CE117BF239AB3B1003D2212 /* LaunchScreen.storyboard in Resources */ = {isa = PBXBuildFile; fileRef = 2CE117BD239AB3B1003D2212 /* LaunchScreen.storyboard */; };
		2CE117C2239AB3B1003D2212 /* main.m in Sources */ = {isa = PBXBuildFile; fileRef = 2CE117C1239AB3B1003D2212 /* main.m */; };
/* End PBXBuildFile section */

/* Begin PBXFileReference section */
		2CE087F1239AB486004C5C7E /* CDAMovie.h */ = {isa = PBXFileReference; lastKnownFileType = sourcecode.c.h; path = CDAMovie.h; sourceTree = "<group>"; };
		2CE087F2239AB486004C5C7E /* CDAMovie.m */ = {isa = PBXFileReference; lastKnownFileType = sourcecode.c.objc; path = CDAMovie.m; sourceTree = "<group>"; };
		2CE087F4239ABAE1004C5C7E /* CDAMovieController.h */ = {isa = PBXFileReference; lastKnownFileType = sourcecode.c.h; path = CDAMovieController.h; sourceTree = "<group>"; };
		2CE087F5239ABAE1004C5C7E /* CDAMovieController.m */ = {isa = PBXFileReference; lastKnownFileType = sourcecode.c.objc; path = CDAMovieController.m; sourceTree = "<group>"; };
		2CE087F7239AC285004C5C7E /* AppleSearch-C-Bridging-Header.h */ = {isa = PBXFileReference; lastKnownFileType = sourcecode.c.h; path = "AppleSearch-C-Bridging-Header.h"; sourceTree = "<group>"; };
		2CE087F8239AC286004C5C7E /* MovieListTableViewController.swift */ = {isa = PBXFileReference; lastKnownFileType = sourcecode.swift; path = MovieListTableViewController.swift; sourceTree = "<group>"; };
		2CE087FA239AC3AC004C5C7E /* MovieCellTableViewCell.swift */ = {isa = PBXFileReference; lastKnownFileType = sourcecode.swift; path = MovieCellTableViewCell.swift; sourceTree = "<group>"; };
		2CE117AC239AB3B0003D2212 /* AppleSearch-C.app */ = {isa = PBXFileReference; explicitFileType = wrapper.application; includeInIndex = 0; path = "AppleSearch-C.app"; sourceTree = BUILT_PRODUCTS_DIR; };
		2CE117AF239AB3B0003D2212 /* AppDelegate.h */ = {isa = PBXFileReference; lastKnownFileType = sourcecode.c.h; path = AppDelegate.h; sourceTree = "<group>"; };
		2CE117B0239AB3B0003D2212 /* AppDelegate.m */ = {isa = PBXFileReference; lastKnownFileType = sourcecode.c.objc; path = AppDelegate.m; sourceTree = "<group>"; };
		2CE117B2239AB3B0003D2212 /* SceneDelegate.h */ = {isa = PBXFileReference; lastKnownFileType = sourcecode.c.h; path = SceneDelegate.h; sourceTree = "<group>"; };
		2CE117B3239AB3B0003D2212 /* SceneDelegate.m */ = {isa = PBXFileReference; lastKnownFileType = sourcecode.c.objc; path = SceneDelegate.m; sourceTree = "<group>"; };
		2CE117B9239AB3B0003D2212 /* Base */ = {isa = PBXFileReference; lastKnownFileType = file.storyboard; name = Base; path = Base.lproj/Main.storyboard; sourceTree = "<group>"; };
		2CE117BB239AB3B1003D2212 /* Assets.xcassets */ = {isa = PBXFileReference; lastKnownFileType = folder.assetcatalog; path = Assets.xcassets; sourceTree = "<group>"; };
		2CE117BE239AB3B1003D2212 /* Base */ = {isa = PBXFileReference; lastKnownFileType = file.storyboard; name = Base; path = Base.lproj/LaunchScreen.storyboard; sourceTree = "<group>"; };
		2CE117C0239AB3B1003D2212 /* Info.plist */ = {isa = PBXFileReference; lastKnownFileType = text.plist.xml; path = Info.plist; sourceTree = "<group>"; };
		2CE117C1239AB3B1003D2212 /* main.m */ = {isa = PBXFileReference; lastKnownFileType = sourcecode.c.objc; path = main.m; sourceTree = "<group>"; };
/* End PBXFileReference section */

/* Begin PBXFrameworksBuildPhase section */
		2CE117A9239AB3B0003D2212 /* Frameworks */ = {
			isa = PBXFrameworksBuildPhase;
			buildActionMask = 2147483647;
			files = (
			);
			runOnlyForDeploymentPostprocessing = 0;
		};
/* End PBXFrameworksBuildPhase section */

/* Begin PBXGroup section */
		2CE117A3239AB3B0003D2212 = {
			isa = PBXGroup;
			children = (
				2CE117AE239AB3B0003D2212 /* AppleSearch-C */,
				2CE117AD239AB3B0003D2212 /* Products */,
				2CE117C8239AB3C6003D2212 /* Resources */,
			);
			sourceTree = "<group>";
		};
		2CE117AD239AB3B0003D2212 /* Products */ = {
			isa = PBXGroup;
			children = (
				2CE117AC239AB3B0003D2212 /* AppleSearch-C.app */,
			);
			name = Products;
			sourceTree = "<group>";
		};
		2CE117AE239AB3B0003D2212 /* AppleSearch-C */ = {
			isa = PBXGroup;
			children = (
				2CE117CC239AB3FB003D2212 /* UI */,
				2CE117CB239AB3EB003D2212 /* Models */,
				2CE117CA239AB3E1003D2212 /* ModelControllers */,
				2CE117C9239AB3D9003D2212 /* ViewControllers */,
			);
			path = "AppleSearch-C";
			sourceTree = "<group>";
		};
		2CE117C8239AB3C6003D2212 /* Resources */ = {
			isa = PBXGroup;
			children = (
				2CE117AF239AB3B0003D2212 /* AppDelegate.h */,
				2CE117B0239AB3B0003D2212 /* AppDelegate.m */,
				2CE117B2239AB3B0003D2212 /* SceneDelegate.h */,
				2CE117B3239AB3B0003D2212 /* SceneDelegate.m */,
				2CE117BB239AB3B1003D2212 /* Assets.xcassets */,
				2CE117BD239AB3B1003D2212 /* LaunchScreen.storyboard */,
				2CE117C0239AB3B1003D2212 /* Info.plist */,
				2CE117C1239AB3B1003D2212 /* main.m */,
			);
			path = Resources;
			sourceTree = "<group>";
		};
		2CE117C9239AB3D9003D2212 /* ViewControllers */ = {
			isa = PBXGroup;
			children = (
				2CE087F8239AC286004C5C7E /* MovieListTableViewController.swift */,
				2CE087F7239AC285004C5C7E /* AppleSearch-C-Bridging-Header.h */,
				2CE087FA239AC3AC004C5C7E /* MovieCellTableViewCell.swift */,
			);
			path = ViewControllers;
			sourceTree = "<group>";
		};
		2CE117CA239AB3E1003D2212 /* ModelControllers */ = {
			isa = PBXGroup;
			children = (
				2CE087F4239ABAE1004C5C7E /* CDAMovieController.h */,
				2CE087F5239ABAE1004C5C7E /* CDAMovieController.m */,
			);
			path = ModelControllers;
			sourceTree = "<group>";
		};
		2CE117CB239AB3EB003D2212 /* Models */ = {
			isa = PBXGroup;
			children = (
				2CE087F1239AB486004C5C7E /* CDAMovie.h */,
				2CE087F2239AB486004C5C7E /* CDAMovie.m */,
			);
			path = Models;
			sourceTree = "<group>";
		};
		2CE117CC239AB3FB003D2212 /* UI */ = {
			isa = PBXGroup;
			children = (
				2CE117B8239AB3B0003D2212 /* Main.storyboard */,
			);
			path = UI;
			sourceTree = "<group>";
		};
/* End PBXGroup section */

/* Begin PBXNativeTarget section */
		2CE117AB239AB3B0003D2212 /* AppleSearch-C */ = {
			isa = PBXNativeTarget;
			buildConfigurationList = 2CE117C5239AB3B1003D2212 /* Build configuration list for PBXNativeTarget "AppleSearch-C" */;
			buildPhases = (
				2CE117A8239AB3B0003D2212 /* Sources */,
				2CE117A9239AB3B0003D2212 /* Frameworks */,
				2CE117AA239AB3B0003D2212 /* Resources */,
			);
			buildRules = (
			);
			dependencies = (
			);
			name = "AppleSearch-C";
			productName = "AppleSearch-C";
			productReference = 2CE117AC239AB3B0003D2212 /* AppleSearch-C.app */;
			productType = "com.apple.product-type.application";
		};
/* End PBXNativeTarget section */

/* Begin PBXProject section */
		2CE117A4239AB3B0003D2212 /* Project object */ = {
			isa = PBXProject;
			attributes = {
				CLASSPREFIX = CDA;
				LastUpgradeCheck = 1120;
				ORGANIZATIONNAME = "Renaissance Apps";
				TargetAttributes = {
					2CE117AB239AB3B0003D2212 = {
						CreatedOnToolsVersion = 11.2.1;
						LastSwiftMigration = 1120;
					};
				};
			};
			buildConfigurationList = 2CE117A7239AB3B0003D2212 /* Build configuration list for PBXProject "AppleSearch-C" */;
			compatibilityVersion = "Xcode 9.3";
			developmentRegion = en;
			hasScannedForEncodings = 0;
			knownRegions = (
				en,
				Base,
			);
			mainGroup = 2CE117A3239AB3B0003D2212;
			productRefGroup = 2CE117AD239AB3B0003D2212 /* Products */;
			projectDirPath = "";
			projectRoot = "";
			targets = (
				2CE117AB239AB3B0003D2212 /* AppleSearch-C */,
			);
		};
/* End PBXProject section */

/* Begin PBXResourcesBuildPhase section */
		2CE117AA239AB3B0003D2212 /* Resources */ = {
			isa = PBXResourcesBuildPhase;
			buildActionMask = 2147483647;
			files = (
				2CE117BF239AB3B1003D2212 /* LaunchScreen.storyboard in Resources */,
				2CE117BC239AB3B1003D2212 /* Assets.xcassets in Resources */,
				2CE117BA239AB3B0003D2212 /* Main.storyboard in Resources */,
			);
			runOnlyForDeploymentPostprocessing = 0;
		};
/* End PBXResourcesBuildPhase section */

/* Begin PBXSourcesBuildPhase section */
		2CE117A8239AB3B0003D2212 /* Sources */ = {
			isa = PBXSourcesBuildPhase;
			buildActionMask = 2147483647;
			files = (
				2CE087F9239AC286004C5C7E /* MovieListTableViewController.swift in Sources */,
				2CE117B1239AB3B0003D2212 /* AppDelegate.m in Sources */,
				2CE087F3239AB486004C5C7E /* CDAMovie.m in Sources */,
				2CE087F6239ABAE1004C5C7E /* CDAMovieController.m in Sources */,
				2CE117C2239AB3B1003D2212 /* main.m in Sources */,
				2CE087FB239AC3AC004C5C7E /* MovieCellTableViewCell.swift in Sources */,
				2CE117B4239AB3B0003D2212 /* SceneDelegate.m in Sources */,
			);
			runOnlyForDeploymentPostprocessing = 0;
		};
/* End PBXSourcesBuildPhase section */

/* Begin PBXVariantGroup section */
		2CE117B8239AB3B0003D2212 /* Main.storyboard */ = {
			isa = PBXVariantGroup;
			children = (
				2CE117B9239AB3B0003D2212 /* Base */,
			);
			name = Main.storyboard;
			sourceTree = "<group>";
		};
		2CE117BD239AB3B1003D2212 /* LaunchScreen.storyboard */ = {
			isa = PBXVariantGroup;
			children = (
				2CE117BE239AB3B1003D2212 /* Base */,
			);
			name = LaunchScreen.storyboard;
			sourceTree = "<group>";
		};
/* End PBXVariantGroup section */

/* Begin XCBuildConfiguration section */
		2CE117C3239AB3B1003D2212 /* Debug */ = {
			isa = XCBuildConfiguration;
			buildSettings = {
				ALWAYS_SEARCH_USER_PATHS = NO;
				CLANG_ANALYZER_NONNULL = YES;
				CLANG_ANALYZER_NUMBER_OBJECT_CONVERSION = YES_AGGRESSIVE;
				CLANG_CXX_LANGUAGE_STANDARD = "gnu++14";
				CLANG_CXX_LIBRARY = "libc++";
				CLANG_ENABLE_MODULES = YES;
				CLANG_ENABLE_OBJC_ARC = YES;
				CLANG_ENABLE_OBJC_WEAK = YES;
				CLANG_WARN_BLOCK_CAPTURE_AUTORELEASING = YES;
				CLANG_WARN_BOOL_CONVERSION = YES;
				CLANG_WARN_COMMA = YES;
				CLANG_WARN_CONSTANT_CONVERSION = YES;
				CLANG_WARN_DEPRECATED_OBJC_IMPLEMENTATIONS = YES;
				CLANG_WARN_DIRECT_OBJC_ISA_USAGE = YES_ERROR;
				CLANG_WARN_DOCUMENTATION_COMMENTS = YES;
				CLANG_WARN_EMPTY_BODY = YES;
				CLANG_WARN_ENUM_CONVERSION = YES;
				CLANG_WARN_INFINITE_RECURSION = YES;
				CLANG_WARN_INT_CONVERSION = YES;
				CLANG_WARN_NON_LITERAL_NULL_CONVERSION = YES;
				CLANG_WARN_OBJC_IMPLICIT_RETAIN_SELF = YES;
				CLANG_WARN_OBJC_LITERAL_CONVERSION = YES;
				CLANG_WARN_OBJC_ROOT_CLASS = YES_ERROR;
				CLANG_WARN_RANGE_LOOP_ANALYSIS = YES;
				CLANG_WARN_STRICT_PROTOTYPES = YES;
				CLANG_WARN_SUSPICIOUS_MOVE = YES;
				CLANG_WARN_UNGUARDED_AVAILABILITY = YES_AGGRESSIVE;
				CLANG_WARN_UNREACHABLE_CODE = YES;
				CLANG_WARN__DUPLICATE_METHOD_MATCH = YES;
				COPY_PHASE_STRIP = NO;
				DEBUG_INFORMATION_FORMAT = dwarf;
				ENABLE_STRICT_OBJC_MSGSEND = YES;
				ENABLE_TESTABILITY = YES;
				GCC_C_LANGUAGE_STANDARD = gnu11;
				GCC_DYNAMIC_NO_PIC = NO;
				GCC_NO_COMMON_BLOCKS = YES;
				GCC_OPTIMIZATION_LEVEL = 0;
				GCC_PREPROCESSOR_DEFINITIONS = (
					"DEBUG=1",
					"$(inherited)",
				);
				GCC_WARN_64_TO_32_BIT_CONVERSION = YES;
				GCC_WARN_ABOUT_RETURN_TYPE = YES_ERROR;
				GCC_WARN_UNDECLARED_SELECTOR = YES;
				GCC_WARN_UNINITIALIZED_AUTOS = YES_AGGRESSIVE;
				GCC_WARN_UNUSED_FUNCTION = YES;
				GCC_WARN_UNUSED_VARIABLE = YES;
				IPHONEOS_DEPLOYMENT_TARGET = 13.2;
				MTL_ENABLE_DEBUG_INFO = INCLUDE_SOURCE;
				MTL_FAST_MATH = YES;
				ONLY_ACTIVE_ARCH = YES;
				SDKROOT = iphoneos;
			};
			name = Debug;
		};
		2CE117C4239AB3B1003D2212 /* Release */ = {
			isa = XCBuildConfiguration;
			buildSettings = {
				ALWAYS_SEARCH_USER_PATHS = NO;
				CLANG_ANALYZER_NONNULL = YES;
				CLANG_ANALYZER_NUMBER_OBJECT_CONVERSION = YES_AGGRESSIVE;
				CLANG_CXX_LANGUAGE_STANDARD = "gnu++14";
				CLANG_CXX_LIBRARY = "libc++";
				CLANG_ENABLE_MODULES = YES;
				CLANG_ENABLE_OBJC_ARC = YES;
				CLANG_ENABLE_OBJC_WEAK = YES;
				CLANG_WARN_BLOCK_CAPTURE_AUTORELEASING = YES;
				CLANG_WARN_BOOL_CONVERSION = YES;
				CLANG_WARN_COMMA = YES;
				CLANG_WARN_CONSTANT_CONVERSION = YES;
				CLANG_WARN_DEPRECATED_OBJC_IMPLEMENTATIONS = YES;
				CLANG_WARN_DIRECT_OBJC_ISA_USAGE = YES_ERROR;
				CLANG_WARN_DOCUMENTATION_COMMENTS = YES;
				CLANG_WARN_EMPTY_BODY = YES;
				CLANG_WARN_ENUM_CONVERSION = YES;
				CLANG_WARN_INFINITE_RECURSION = YES;
				CLANG_WARN_INT_CONVERSION = YES;
				CLANG_WARN_NON_LITERAL_NULL_CONVERSION = YES;
				CLANG_WARN_OBJC_IMPLICIT_RETAIN_SELF = YES;
				CLANG_WARN_OBJC_LITERAL_CONVERSION = YES;
				CLANG_WARN_OBJC_ROOT_CLASS = YES_ERROR;
				CLANG_WARN_RANGE_LOOP_ANALYSIS = YES;
				CLANG_WARN_STRICT_PROTOTYPES = YES;
				CLANG_WARN_SUSPICIOUS_MOVE = YES;
				CLANG_WARN_UNGUARDED_AVAILABILITY = YES_AGGRESSIVE;
				CLANG_WARN_UNREACHABLE_CODE = YES;
				CLANG_WARN__DUPLICATE_METHOD_MATCH = YES;
				COPY_PHASE_STRIP = NO;
				DEBUG_INFORMATION_FORMAT = "dwarf-with-dsym";
				ENABLE_NS_ASSERTIONS = NO;
				ENABLE_STRICT_OBJC_MSGSEND = YES;
				GCC_C_LANGUAGE_STANDARD = gnu11;
				GCC_NO_COMMON_BLOCKS = YES;
				GCC_WARN_64_TO_32_BIT_CONVERSION = YES;
				GCC_WARN_ABOUT_RETURN_TYPE = YES_ERROR;
				GCC_WARN_UNDECLARED_SELECTOR = YES;
				GCC_WARN_UNINITIALIZED_AUTOS = YES_AGGRESSIVE;
				GCC_WARN_UNUSED_FUNCTION = YES;
				GCC_WARN_UNUSED_VARIABLE = YES;
				IPHONEOS_DEPLOYMENT_TARGET = 13.2;
				MTL_ENABLE_DEBUG_INFO = NO;
				MTL_FAST_MATH = YES;
				SDKROOT = iphoneos;
				VALIDATE_PRODUCT = YES;
			};
			name = Release;
		};
		2CE117C6239AB3B1003D2212 /* Debug */ = {
			isa = XCBuildConfiguration;
			buildSettings = {
				ASSETCATALOG_COMPILER_APPICON_NAME = AppIcon;
				CLANG_ENABLE_MODULES = YES;
				CODE_SIGN_STYLE = Automatic;
				INFOPLIST_FILE = "$(SRCROOT)/Resources/Info.plist";
				LD_RUNPATH_SEARCH_PATHS = (
					"$(inherited)",
					"@executable_path/Frameworks",
				);
				PRODUCT_BUNDLE_IDENTIFIER = "com.RenaissanceApps.AppleSearch-C";
				PRODUCT_NAME = "$(TARGET_NAME)";
				SWIFT_OBJC_BRIDGING_HEADER = "AppleSearch-C/ViewControllers/AppleSearch-C-Bridging-Header.h";
				SWIFT_OPTIMIZATION_LEVEL = "-Onone";
				SWIFT_VERSION = 5.0;
				TARGETED_DEVICE_FAMILY = "1,2";
			};
			name = Debug;
		};
		2CE117C7239AB3B1003D2212 /* Release */ = {
			isa = XCBuildConfiguration;
			buildSettings = {
				ASSETCATALOG_COMPILER_APPICON_NAME = AppIcon;
				CLANG_ENABLE_MODULES = YES;
				CODE_SIGN_STYLE = Automatic;
				INFOPLIST_FILE = "$(SRCROOT)/Resources/Info.plist";
				LD_RUNPATH_SEARCH_PATHS = (
					"$(inherited)",
					"@executable_path/Frameworks",
				);
				PRODUCT_BUNDLE_IDENTIFIER = "com.RenaissanceApps.AppleSearch-C";
				PRODUCT_NAME = "$(TARGET_NAME)";
				SWIFT_OBJC_BRIDGING_HEADER = "AppleSearch-C/ViewControllers/AppleSearch-C-Bridging-Header.h";
				SWIFT_VERSION = 5.0;
				TARGETED_DEVICE_FAMILY = "1,2";
			};
			name = Release;
		};
/* End XCBuildConfiguration section */

/* Begin XCConfigurationList section */
		2CE117A7239AB3B0003D2212 /* Build configuration list for PBXProject "AppleSearch-C" */ = {
			isa = XCConfigurationList;
			buildConfigurations = (
				2CE117C3239AB3B1003D2212 /* Debug */,
				2CE117C4239AB3B1003D2212 /* Release */,
			);
			defaultConfigurationIsVisible = 0;
			defaultConfigurationName = Release;
		};
		2CE117C5239AB3B1003D2212 /* Build configuration list for PBXNativeTarget "AppleSearch-C" */ = {
			isa = XCConfigurationList;
			buildConfigurations = (
				2CE117C6239AB3B1003D2212 /* Debug */,
				2CE117C7239AB3B1003D2212 /* Release */,
			);
			defaultConfigurationIsVisible = 0;
			defaultConfigurationName = Release;
		};
/* End XCConfigurationList section */
	};
	rootObject = 2CE117A4239AB3B0003D2212 /* Project object */;
}
